
Microsoft Visual Studio Solution File, Format Version 12.00
# Visual Studio Version 17
VisualStudioVersion = 17.14.36623.8 d17.14
MinimumVisualStudioVersion = 10.0.40219.1
Project("{FAE04EC0-301F-11D3-BF4B-00C04F79EFBC}") = "Aula14", "Aula14.csproj", "{DDD2EFDB-23EA-4FCD-84BE-E947D3712A08}"
EndProject
Global
	GlobalSection(SolutionConfigurationPlatforms) = preSolution
		Debug|Any CPU = Debug|Any CPU
		Release|Any CPU = Release|Any CPU
	EndGlobalSection
	GlobalSection(ProjectConfigurationPlatforms) = postSolution
		{DDD2EFDB-23EA-4FCD-84BE-E947D3712A08}.Debug|Any CPU.ActiveCfg = Debug|Any CPU
		{DDD2EFDB-23EA-4FCD-84BE-E947D3712A08}.Debug|Any CPU.Build.0 = Debug|Any CPU
		{DDD2EFDB-23EA-4FCD-84BE-E947D3712A08}.Release|Any CPU.ActiveCfg = Release|Any CPU
		{DDD2EFDB-23EA-4FCD-84BE-E947D3712A08}.Release|Any CPU.Build.0 = Release|Any CPU
	EndGlobalSection
	GlobalSection(SolutionProperties) = preSolution
		HideSolutionNode = FALSE
	EndGlobalSection
	GlobalSection(ExtensibilityGlobals) = postSolution
		SolutionGuid = {7B2326CC-68B5-48B1-800A-F14333A97666}
	EndGlobalSection
EndGlobal
