
Microsoft Visual Studio Solution File, Format Version 12.00
# Visual Studio Version 17
VisualStudioVersion = 17.14.36623.8 d17.14
MinimumVisualStudioVersion = 10.0.40219.1
Project("{FAE04EC0-301F-11D3-BF4B-00C04F79EFBC}") = "Aula24", "Aula24.csproj", "{BA7DBDF0-1DD5-4336-8641-F3A1023B3FEE}"
EndProject
Global
	GlobalSection(SolutionConfigurationPlatforms) = preSolution
		Debug|Any CPU = Debug|Any CPU
		Release|Any CPU = Release|Any CPU
	EndGlobalSection
	GlobalSection(ProjectConfigurationPlatforms) = postSolution
		{BA7DBDF0-1DD5-4336-8641-F3A1023B3FEE}.Debug|Any CPU.ActiveCfg = Debug|Any CPU
		{BA7DBDF0-1DD5-4336-8641-F3A1023B3FEE}.Debug|Any CPU.Build.0 = Debug|Any CPU
		{BA7DBDF0-1DD5-4336-8641-F3A1023B3FEE}.Release|Any CPU.ActiveCfg = Release|Any CPU
		{BA7DBDF0-1DD5-4336-8641-F3A1023B3FEE}.Release|Any CPU.Build.0 = Release|Any CPU
	EndGlobalSection
	GlobalSection(SolutionProperties) = preSolution
		HideSolutionNode = FALSE
	EndGlobalSection
	GlobalSection(ExtensibilityGlobals) = postSolution
		SolutionGuid = {D1C92596-6A89-4DF3-912D-8EC78EBE0AC6}
	EndGlobalSection
EndGlobal
