
Microsoft Visual Studio Solution File, Format Version 12.00
# Visual Studio Version 17
VisualStudioVersion = 17.14.36623.8 d17.14
MinimumVisualStudioVersion = 10.0.40219.1
Project("{FAE04EC0-301F-11D3-BF4B-00C04F79EFBC}") = "Aula22", "Aula22.csproj", "{FC44ACC7-1634-4F6A-90B5-584E04CD3342}"
EndProject
Global
	GlobalSection(SolutionConfigurationPlatforms) = preSolution
		Debug|Any CPU = Debug|Any CPU
		Release|Any CPU = Release|Any CPU
	EndGlobalSection
	GlobalSection(ProjectConfigurationPlatforms) = postSolution
		{FC44ACC7-1634-4F6A-90B5-584E04CD3342}.Debug|Any CPU.ActiveCfg = Debug|Any CPU
		{FC44ACC7-1634-4F6A-90B5-584E04CD3342}.Debug|Any CPU.Build.0 = Debug|Any CPU
		{FC44ACC7-1634-4F6A-90B5-584E04CD3342}.Release|Any CPU.ActiveCfg = Release|Any CPU
		{FC44ACC7-1634-4F6A-90B5-584E04CD3342}.Release|Any CPU.Build.0 = Release|Any CPU
	EndGlobalSection
	GlobalSection(SolutionProperties) = preSolution
		HideSolutionNode = FALSE
	EndGlobalSection
	GlobalSection(ExtensibilityGlobals) = postSolution
		SolutionGuid = {571E4F4A-943A-4721-B1BB-E1B7CEEEFB66}
	EndGlobalSection
EndGlobal
