
Microsoft Visual Studio Solution File, Format Version 12.00
# Visual Studio Version 17
VisualStudioVersion = 17.14.36623.8 d17.14
MinimumVisualStudioVersion = 10.0.40219.1
Project("{FAE04EC0-301F-11D3-BF4B-00C04F79EFBC}") = "Aula01", "Aula01.csproj", "{174C9DFF-B58B-4D71-ADB6-C639635A80BB}"
EndProject
Global
	GlobalSection(SolutionConfigurationPlatforms) = preSolution
		Debug|Any CPU = Debug|Any CPU
		Release|Any CPU = Release|Any CPU
	EndGlobalSection
	GlobalSection(ProjectConfigurationPlatforms) = postSolution
		{174C9DFF-B58B-4D71-ADB6-C639635A80BB}.Debug|Any CPU.ActiveCfg = Debug|Any CPU
		{174C9DFF-B58B-4D71-ADB6-C639635A80BB}.Debug|Any CPU.Build.0 = Debug|Any CPU
		{174C9DFF-B58B-4D71-ADB6-C639635A80BB}.Release|Any CPU.ActiveCfg = Release|Any CPU
		{174C9DFF-B58B-4D71-ADB6-C639635A80BB}.Release|Any CPU.Build.0 = Release|Any CPU
	EndGlobalSection
	GlobalSection(SolutionProperties) = preSolution
		HideSolutionNode = FALSE
	EndGlobalSection
	GlobalSection(ExtensibilityGlobals) = postSolution
		SolutionGuid = {90F5E64F-9A2C-468C-BECF-BE7F0FE8E534}
	EndGlobalSection
EndGlobal
