
Microsoft Visual Studio Solution File, Format Version 12.00
# Visual Studio Version 17
VisualStudioVersion = 17.14.36623.8 d17.14
MinimumVisualStudioVersion = 10.0.40219.1
Project("{FAE04EC0-301F-11D3-BF4B-00C04F79EFBC}") = "Aula10", "Aula10.csproj", "{D7F4F048-6110-4183-A2F0-2E49177518F6}"
EndProject
Global
	GlobalSection(SolutionConfigurationPlatforms) = preSolution
		Debug|Any CPU = Debug|Any CPU
		Release|Any CPU = Release|Any CPU
	EndGlobalSection
	GlobalSection(ProjectConfigurationPlatforms) = postSolution
		{D7F4F048-6110-4183-A2F0-2E49177518F6}.Debug|Any CPU.ActiveCfg = Debug|Any CPU
		{D7F4F048-6110-4183-A2F0-2E49177518F6}.Debug|Any CPU.Build.0 = Debug|Any CPU
		{D7F4F048-6110-4183-A2F0-2E49177518F6}.Release|Any CPU.ActiveCfg = Release|Any CPU
		{D7F4F048-6110-4183-A2F0-2E49177518F6}.Release|Any CPU.Build.0 = Release|Any CPU
	EndGlobalSection
	GlobalSection(SolutionProperties) = preSolution
		HideSolutionNode = FALSE
	EndGlobalSection
	GlobalSection(ExtensibilityGlobals) = postSolution
		SolutionGuid = {60BF7210-8011-4D5B-B540-C425A1BD7B66}
	EndGlobalSection
EndGlobal
