
Microsoft Visual Studio Solution File, Format Version 12.00
# Visual Studio Version 17
VisualStudioVersion = 17.14.36623.8 d17.14
MinimumVisualStudioVersion = 10.0.40219.1
Project("{FAE04EC0-301F-11D3-BF4B-00C04F79EFBC}") = "Aula15", "Aula15.csproj", "{77E72C29-D665-4D6E-A675-3BDD2D84E598}"
EndProject
Global
	GlobalSection(SolutionConfigurationPlatforms) = preSolution
		Debug|Any CPU = Debug|Any CPU
		Release|Any CPU = Release|Any CPU
	EndGlobalSection
	GlobalSection(ProjectConfigurationPlatforms) = postSolution
		{77E72C29-D665-4D6E-A675-3BDD2D84E598}.Debug|Any CPU.ActiveCfg = Debug|Any CPU
		{77E72C29-D665-4D6E-A675-3BDD2D84E598}.Debug|Any CPU.Build.0 = Debug|Any CPU
		{77E72C29-D665-4D6E-A675-3BDD2D84E598}.Release|Any CPU.ActiveCfg = Release|Any CPU
		{77E72C29-D665-4D6E-A675-3BDD2D84E598}.Release|Any CPU.Build.0 = Release|Any CPU
	EndGlobalSection
	GlobalSection(SolutionProperties) = preSolution
		HideSolutionNode = FALSE
	EndGlobalSection
	GlobalSection(ExtensibilityGlobals) = postSolution
		SolutionGuid = {8E8619FD-49EC-4B00-A289-DC959C826EF8}
	EndGlobalSection
EndGlobal
