
Microsoft Visual Studio Solution File, Format Version 12.00
# Visual Studio Version 17
VisualStudioVersion = 17.14.36623.8 d17.14
MinimumVisualStudioVersion = 10.0.40219.1
Project("{FAE04EC0-301F-11D3-BF4B-00C04F79EFBC}") = "Aula07", "Aula07.csproj", "{06337782-D9AB-4ACD-944B-D73276420C09}"
EndProject
Global
	GlobalSection(SolutionConfigurationPlatforms) = preSolution
		Debug|Any CPU = Debug|Any CPU
		Release|Any CPU = Release|Any CPU
	EndGlobalSection
	GlobalSection(ProjectConfigurationPlatforms) = postSolution
		{06337782-D9AB-4ACD-944B-D73276420C09}.Debug|Any CPU.ActiveCfg = Debug|Any CPU
		{06337782-D9AB-4ACD-944B-D73276420C09}.Debug|Any CPU.Build.0 = Debug|Any CPU
		{06337782-D9AB-4ACD-944B-D73276420C09}.Release|Any CPU.ActiveCfg = Release|Any CPU
		{06337782-D9AB-4ACD-944B-D73276420C09}.Release|Any CPU.Build.0 = Release|Any CPU
	EndGlobalSection
	GlobalSection(SolutionProperties) = preSolution
		HideSolutionNode = FALSE
	EndGlobalSection
	GlobalSection(ExtensibilityGlobals) = postSolution
		SolutionGuid = {178FBCF2-F946-4BC6-ACC0-26EEC0DFB299}
	EndGlobalSection
EndGlobal
