
Microsoft Visual Studio Solution File, Format Version 12.00
# Visual Studio Version 17
VisualStudioVersion = 17.14.36623.8 d17.14
MinimumVisualStudioVersion = 10.0.40219.1
Project("{FAE04EC0-301F-11D3-BF4B-00C04F79EFBC}") = "Aula08", "Aula08.csproj", "{7005762D-C59A-421C-83AB-2A2DDE16EED4}"
EndProject
Global
	GlobalSection(SolutionConfigurationPlatforms) = preSolution
		Debug|Any CPU = Debug|Any CPU
		Release|Any CPU = Release|Any CPU
	EndGlobalSection
	GlobalSection(ProjectConfigurationPlatforms) = postSolution
		{7005762D-C59A-421C-83AB-2A2DDE16EED4}.Debug|Any CPU.ActiveCfg = Debug|Any CPU
		{7005762D-C59A-421C-83AB-2A2DDE16EED4}.Debug|Any CPU.Build.0 = Debug|Any CPU
		{7005762D-C59A-421C-83AB-2A2DDE16EED4}.Release|Any CPU.ActiveCfg = Release|Any CPU
		{7005762D-C59A-421C-83AB-2A2DDE16EED4}.Release|Any CPU.Build.0 = Release|Any CPU
	EndGlobalSection
	GlobalSection(SolutionProperties) = preSolution
		HideSolutionNode = FALSE
	EndGlobalSection
	GlobalSection(ExtensibilityGlobals) = postSolution
		SolutionGuid = {7712A8A1-0414-4344-8FBD-5A4165393DE4}
	EndGlobalSection
EndGlobal
