
Microsoft Visual Studio Solution File, Format Version 12.00
# Visual Studio Version 17
VisualStudioVersion = 17.14.36623.8 d17.14
MinimumVisualStudioVersion = 10.0.40219.1
Project("{FAE04EC0-301F-11D3-BF4B-00C04F79EFBC}") = "Aula03", "Aula03.csproj", "{340E93BE-1221-4C6E-9B4E-7CC325E455D5}"
EndProject
Global
	GlobalSection(SolutionConfigurationPlatforms) = preSolution
		Debug|Any CPU = Debug|Any CPU
		Release|Any CPU = Release|Any CPU
	EndGlobalSection
	GlobalSection(ProjectConfigurationPlatforms) = postSolution
		{340E93BE-1221-4C6E-9B4E-7CC325E455D5}.Debug|Any CPU.ActiveCfg = Debug|Any CPU
		{340E93BE-1221-4C6E-9B4E-7CC325E455D5}.Debug|Any CPU.Build.0 = Debug|Any CPU
		{340E93BE-1221-4C6E-9B4E-7CC325E455D5}.Release|Any CPU.ActiveCfg = Release|Any CPU
		{340E93BE-1221-4C6E-9B4E-7CC325E455D5}.Release|Any CPU.Build.0 = Release|Any CPU
	EndGlobalSection
	GlobalSection(SolutionProperties) = preSolution
		HideSolutionNode = FALSE
	EndGlobalSection
	GlobalSection(ExtensibilityGlobals) = postSolution
		SolutionGuid = {716EF3EF-C167-4FB6-AD6B-3319B9CD0FDF}
	EndGlobalSection
EndGlobal
