
Microsoft Visual Studio Solution File, Format Version 12.00
# Visual Studio Version 17
VisualStudioVersion = 17.14.36623.8 d17.14
MinimumVisualStudioVersion = 10.0.40219.1
Project("{FAE04EC0-301F-11D3-BF4B-00C04F79EFBC}") = "Aula09", "Aula09.csproj", "{140A1317-BAD4-4368-9AAD-558082402DB2}"
EndProject
Global
	GlobalSection(SolutionConfigurationPlatforms) = preSolution
		Debug|Any CPU = Debug|Any CPU
		Release|Any CPU = Release|Any CPU
	EndGlobalSection
	GlobalSection(ProjectConfigurationPlatforms) = postSolution
		{140A1317-BAD4-4368-9AAD-558082402DB2}.Debug|Any CPU.ActiveCfg = Debug|Any CPU
		{140A1317-BAD4-4368-9AAD-558082402DB2}.Debug|Any CPU.Build.0 = Debug|Any CPU
		{140A1317-BAD4-4368-9AAD-558082402DB2}.Release|Any CPU.ActiveCfg = Release|Any CPU
		{140A1317-BAD4-4368-9AAD-558082402DB2}.Release|Any CPU.Build.0 = Release|Any CPU
	EndGlobalSection
	GlobalSection(SolutionProperties) = preSolution
		HideSolutionNode = FALSE
	EndGlobalSection
	GlobalSection(ExtensibilityGlobals) = postSolution
		SolutionGuid = {1A6CEFC5-749B-4484-89C2-F5FD8A56D9E4}
	EndGlobalSection
EndGlobal
